
Microsoft Visual Studio Solution File, Format Version 12.00
# Visual Studio Version 17
VisualStudioVersion = 17.7.34031.279
MinimumVisualStudioVersion = 10.0.40219.1
Project("{8BC9CEB8-8B4A-11D0-8D11-00A0C91BC942}") = "MiFirstGameProject", "MiFirstGameProject\MiFirstGameProject.vcxproj", "{F546DCC7-BC5D-4B39-A38B-CB663980D6E5}"
EndProject
Global
	GlobalSection(SolutionConfigurationPlatforms) = preSolution
		Debug|x64 = Debug|x64
		Debug|x86 = Debug|x86
		Release|x64 = Release|x64
		Release|x86 = Release|x86
	EndGlobalSection
	GlobalSection(ProjectConfigurationPlatforms) = postSolution
		{F546DCC7-BC5D-4B39-A38B-CB663980D6E5}.Debug|x64.ActiveCfg = Debug|x64
		{F546DCC7-BC5D-4B39-A38B-CB663980D6E5}.Debug|x64.Build.0 = Debug|x64
		{F546DCC7-BC5D-4B39-A38B-CB663980D6E5}.Debug|x86.ActiveCfg = Debug|Win32
		{F546DCC7-BC5D-4B39-A38B-CB663980D6E5}.Debug|x86.Build.0 = Debug|Win32
		{F546DCC7-BC5D-4B39-A38B-CB663980D6E5}.Release|x64.ActiveCfg = Release|x64
		{F546DCC7-BC5D-4B39-A38B-CB663980D6E5}.Release|x64.Build.0 = Release|x64
		{F546DCC7-BC5D-4B39-A38B-CB663980D6E5}.Release|x86.ActiveCfg = Release|Win32
		{F546DCC7-BC5D-4B39-A38B-CB663980D6E5}.Release|x86.Build.0 = Release|Win32
	EndGlobalSection
	GlobalSection(SolutionProperties) = preSolution
		HideSolutionNode = FALSE
	EndGlobalSection
	GlobalSection(ExtensibilityGlobals) = postSolution
		SolutionGuid = {4B1CEB2C-80F2-42DD-A8EB-D5204566C792}
	EndGlobalSection
EndGlobal
